
Microsoft Visual Studio Solution File, Format Version 12.00
# Visual Studio Version 17
VisualStudioVersion = 17.0.31903.59
MinimumVisualStudioVersion = 10.0.40219.1
Project("{2150E333-8FDC-42A3-9474-1A3956D46DE8}") = "src", "src", "{3320B8DA-EBFE-4860-B566-25A34D9FE578}"
EndProject
Project("{FAE04EC0-301F-11D3-BF4B-00C04F79EFBC}") = "Tasky.Api", "src\Tasky.Api\Tasky.Api.csproj", "{23D17C37-2E67-4362-A253-DA125F3D93BB}"
EndProject
Project("{FAE04EC0-301F-11D3-BF4B-00C04F79EFBC}") = "Tasky.Application", "src\Tasky.Application\Tasky.Application.csproj", "{38411A25-3127-4DFD-928E-2F681C0CAFAF}"
EndProject
Project("{FAE04EC0-301F-11D3-BF4B-00C04F79EFBC}") = "Tasky.Domain", "src\Tasky.Domain\Tasky.Domain.csproj", "{88123D85-8463-4618-9AE6-2E37FBCDE6EE}"
EndProject
Project("{FAE04EC0-301F-11D3-BF4B-00C04F79EFBC}") = "Tasky.Infrastructure", "src\Tasky.Infrastructure\Tasky.Infrastructure.csproj", "{0A1B0935-3A78-4737-BDA1-70EBC7E21AC8}"
EndProject
Project("{2150E333-8FDC-42A3-9474-1A3956D46DE8}") = "Tests", "Tests", "{151ED709-22B7-4E75-BDCE-0FF54BA151A9}"
EndProject
Project("{FAE04EC0-301F-11D3-BF4B-00C04F79EFBC}") = "Tasky.Api.IntegrationTests", "Tests\Tasky.Api.IntegrationTests\Tasky.Api.IntegrationTests.csproj", "{7199B9B9-C6E0-40D8-8C00-C8E578FB5C95}"
EndProject
Project("{FAE04EC0-301F-11D3-BF4B-00C04F79EFBC}") = "Tasky.Application.SubcutaneousTests", "Tests\Tasky.Application.SubcutaneousTests\Tasky.Application.SubcutaneousTests.csproj", "{8AF6A53A-8569-4A75-B204-3D4D6358D888}"
EndProject
Project("{FAE04EC0-301F-11D3-BF4B-00C04F79EFBC}") = "Tasky.Application.UnitTests", "Tests\Tasky.Application.UnitTests\Tasky.Application.UnitTests.csproj", "{63838EE0-B9E7-48F7-8A1F-893FFA9EB5E1}"
EndProject
Project("{FAE04EC0-301F-11D3-BF4B-00C04F79EFBC}") = "Tasky.Domain.UnitTests", "Tests\Tasky.Domain.UnitTests\Tasky.Domain.UnitTests.csproj", "{FD2DB25C-6905-419F-AC56-19318A50B817}"
EndProject
Project("{FAE04EC0-301F-11D3-BF4B-00C04F79EFBC}") = "Tasky.Tests.Common", "Tests\Tasky.Tests.Common\Tasky.Tests.Common.csproj", "{2B2E36EC-A5B6-41CD-AE63-6AD8BBF2EF85}"
EndProject
Global
	GlobalSection(SolutionConfigurationPlatforms) = preSolution
		Debug|Any CPU = Debug|Any CPU
		Release|Any CPU = Release|Any CPU
	EndGlobalSection
	GlobalSection(SolutionProperties) = preSolution
		HideSolutionNode = FALSE
	EndGlobalSection
	GlobalSection(ProjectConfigurationPlatforms) = postSolution
		{23D17C37-2E67-4362-A253-DA125F3D93BB}.Debug|Any CPU.ActiveCfg = Debug|Any CPU
		{23D17C37-2E67-4362-A253-DA125F3D93BB}.Debug|Any CPU.Build.0 = Debug|Any CPU
		{23D17C37-2E67-4362-A253-DA125F3D93BB}.Release|Any CPU.ActiveCfg = Release|Any CPU
		{23D17C37-2E67-4362-A253-DA125F3D93BB}.Release|Any CPU.Build.0 = Release|Any CPU
		{38411A25-3127-4DFD-928E-2F681C0CAFAF}.Debug|Any CPU.ActiveCfg = Debug|Any CPU
		{38411A25-3127-4DFD-928E-2F681C0CAFAF}.Debug|Any CPU.Build.0 = Debug|Any CPU
		{38411A25-3127-4DFD-928E-2F681C0CAFAF}.Release|Any CPU.ActiveCfg = Release|Any CPU
		{38411A25-3127-4DFD-928E-2F681C0CAFAF}.Release|Any CPU.Build.0 = Release|Any CPU
		{88123D85-8463-4618-9AE6-2E37FBCDE6EE}.Debug|Any CPU.ActiveCfg = Debug|Any CPU
		{88123D85-8463-4618-9AE6-2E37FBCDE6EE}.Debug|Any CPU.Build.0 = Debug|Any CPU
		{88123D85-8463-4618-9AE6-2E37FBCDE6EE}.Release|Any CPU.ActiveCfg = Release|Any CPU
		{88123D85-8463-4618-9AE6-2E37FBCDE6EE}.Release|Any CPU.Build.0 = Release|Any CPU
		{0A1B0935-3A78-4737-BDA1-70EBC7E21AC8}.Debug|Any CPU.ActiveCfg = Debug|Any CPU
		{0A1B0935-3A78-4737-BDA1-70EBC7E21AC8}.Debug|Any CPU.Build.0 = Debug|Any CPU
		{0A1B0935-3A78-4737-BDA1-70EBC7E21AC8}.Release|Any CPU.ActiveCfg = Release|Any CPU
		{0A1B0935-3A78-4737-BDA1-70EBC7E21AC8}.Release|Any CPU.Build.0 = Release|Any CPU
		{7199B9B9-C6E0-40D8-8C00-C8E578FB5C95}.Debug|Any CPU.ActiveCfg = Debug|Any CPU
		{7199B9B9-C6E0-40D8-8C00-C8E578FB5C95}.Debug|Any CPU.Build.0 = Debug|Any CPU
		{7199B9B9-C6E0-40D8-8C00-C8E578FB5C95}.Release|Any CPU.ActiveCfg = Release|Any CPU
		{7199B9B9-C6E0-40D8-8C00-C8E578FB5C95}.Release|Any CPU.Build.0 = Release|Any CPU
		{8AF6A53A-8569-4A75-B204-3D4D6358D888}.Debug|Any CPU.ActiveCfg = Debug|Any CPU
		{8AF6A53A-8569-4A75-B204-3D4D6358D888}.Debug|Any CPU.Build.0 = Debug|Any CPU
		{8AF6A53A-8569-4A75-B204-3D4D6358D888}.Release|Any CPU.ActiveCfg = Release|Any CPU
		{8AF6A53A-8569-4A75-B204-3D4D6358D888}.Release|Any CPU.Build.0 = Release|Any CPU
		{63838EE0-B9E7-48F7-8A1F-893FFA9EB5E1}.Debug|Any CPU.ActiveCfg = Debug|Any CPU
		{63838EE0-B9E7-48F7-8A1F-893FFA9EB5E1}.Debug|Any CPU.Build.0 = Debug|Any CPU
		{63838EE0-B9E7-48F7-8A1F-893FFA9EB5E1}.Release|Any CPU.ActiveCfg = Release|Any CPU
		{63838EE0-B9E7-48F7-8A1F-893FFA9EB5E1}.Release|Any CPU.Build.0 = Release|Any CPU
		{FD2DB25C-6905-419F-AC56-19318A50B817}.Debug|Any CPU.ActiveCfg = Debug|Any CPU
		{FD2DB25C-6905-419F-AC56-19318A50B817}.Debug|Any CPU.Build.0 = Debug|Any CPU
		{FD2DB25C-6905-419F-AC56-19318A50B817}.Release|Any CPU.ActiveCfg = Release|Any CPU
		{FD2DB25C-6905-419F-AC56-19318A50B817}.Release|Any CPU.Build.0 = Release|Any CPU
		{2B2E36EC-A5B6-41CD-AE63-6AD8BBF2EF85}.Debug|Any CPU.ActiveCfg = Debug|Any CPU
		{2B2E36EC-A5B6-41CD-AE63-6AD8BBF2EF85}.Debug|Any CPU.Build.0 = Debug|Any CPU
		{2B2E36EC-A5B6-41CD-AE63-6AD8BBF2EF85}.Release|Any CPU.ActiveCfg = Release|Any CPU
		{2B2E36EC-A5B6-41CD-AE63-6AD8BBF2EF85}.Release|Any CPU.Build.0 = Release|Any CPU
	EndGlobalSection
	GlobalSection(NestedProjects) = preSolution
		{23D17C37-2E67-4362-A253-DA125F3D93BB} = {3320B8DA-EBFE-4860-B566-25A34D9FE578}
		{38411A25-3127-4DFD-928E-2F681C0CAFAF} = {3320B8DA-EBFE-4860-B566-25A34D9FE578}
		{88123D85-8463-4618-9AE6-2E37FBCDE6EE} = {3320B8DA-EBFE-4860-B566-25A34D9FE578}
		{0A1B0935-3A78-4737-BDA1-70EBC7E21AC8} = {3320B8DA-EBFE-4860-B566-25A34D9FE578}
		{7199B9B9-C6E0-40D8-8C00-C8E578FB5C95} = {151ED709-22B7-4E75-BDCE-0FF54BA151A9}
		{8AF6A53A-8569-4A75-B204-3D4D6358D888} = {151ED709-22B7-4E75-BDCE-0FF54BA151A9}
		{63838EE0-B9E7-48F7-8A1F-893FFA9EB5E1} = {151ED709-22B7-4E75-BDCE-0FF54BA151A9}
		{FD2DB25C-6905-419F-AC56-19318A50B817} = {151ED709-22B7-4E75-BDCE-0FF54BA151A9}
		{2B2E36EC-A5B6-41CD-AE63-6AD8BBF2EF85} = {151ED709-22B7-4E75-BDCE-0FF54BA151A9}
	EndGlobalSection
EndGlobal
